# This file is automatically @generated by Poetry 1.8.2 and should not be changed by hand.

[[package]]
name = "narwhals"
version = "2.19.0"
description = "Extremely lightweight compatibility layer between dataframe libraries"
optional = false
python-versions = ">=3.9"
files = [
    {file = "narwhals-2.19.0-py3-none-any.whl", hash = "sha256:1f8dfa4a33a6dbff878c3e9be4c3b455dfcaf2a9322f1357db00e4e92e95b84b"},
    {file = "narwhals-2.19.0.tar.gz", hash = "sha256:14fd7040b5ff211d415a82e4827b9d04c354e213e72a6d0730205ffd72e3b7ff"},
]

[package.extras]
cudf = ["cudf-cu12 (>=24.10.0)"]
dask = ["dask[dataframe] (>=2024.8)"]
duckdb = ["duckdb (>=1.1)"]
ibis = ["ibis-framework (>=6.0.0)", "packaging", "pyarrow-hotfix", "rich"]
modin = ["modin"]
pandas = ["pandas (>=1.1.3)"]
polars = ["polars (>=0.20.4)"]
pyarrow = ["pyarrow (>=13.0.0)"]
pyspark = ["pyspark (>=3.5.0)"]
pyspark-connect = ["pyspark[connect] (>=3.5.0)"]
sql = ["duckdb (>=1.1)", "sqlparse"]
sqlframe = ["sqlframe (>=3.22.0,!=3.39.3)"]

[[package]]
name = "packaging"
version = "26.0"
description = "Core utilities for Python packages"
optional = false
python-versions = ">=3.8"
files = [
    {file = "packaging-26.0-py3-none-any.whl", hash = "sha256:b36f1fef9334a5588b4166f8bcd26a14e521f2b55e6b9de3aaa80d3ff7a37529"},
    {file = "packaging-26.0.tar.gz", hash = "sha256:00243ae351a257117b6a241061796684b084ed1c516a08c48a3f7e147a9d80b4"},
]

[[package]]
name = "plotly"
version = "6.7.0"
description = "An open-source interactive data visualization library for Python"
optional = false
python-versions = ">=3.8"
files = [
    {file = "plotly-6.7.0-py3-none-any.whl", hash = "sha256:ac8aca1c25c663a59b5b9140a549264a5badde2e057d79b8c772ae2920e32ff0"},
    {file = "plotly-6.7.0.tar.gz", hash = "sha256:45eea0ff27e2a23ccd62776f77eb43aa1ca03df4192b76036e380bb479b892c6"},
]

[package.dependencies]
narwhals = ">=1.15.1"
packaging = "*"

[package.extras]
dev = ["anywidget", "build", "colorcet", "fiona (<=1.9.6)", "geopandas", "inflect", "jupyterlab", "kaleido (>=1.1.0)", "numpy (>=1.22)", "orjson", "pandas", "pdfrw", "pillow", "plotly-geo", "polars[timezone]", "pyarrow", "pyshp", "pytest", "pytz", "requests", "ruff (==0.11.12)", "scikit-image", "scipy", "shapely", "statsmodels", "vaex", "xarray"]
dev-build = ["build", "jupyterlab", "pytest", "requests", "ruff (==0.11.12)"]
dev-core = ["pytest", "requests", "ruff (==0.11.12)"]
dev-optional = ["anywidget", "build", "colorcet", "fiona (<=1.9.6)", "geopandas", "inflect", "jupyterlab", "kaleido (>=1.1.0)", "numpy (>=1.22)", "orjson", "pandas", "pdfrw", "pillow", "plotly-geo", "polars[timezone]", "pyarrow", "pyshp", "pytest", "pytz", "requests", "ruff (==0.11.12)", "scikit-image", "scipy", "shapely", "statsmodels", "vaex", "xarray"]
express = ["numpy (>=1.22)"]
kaleido = ["kaleido (>=1.1.0)"]

[metadata]
lock-version = "2.0"
python-versions = "^3.12"
content-hash = "a22a0a814b8d0a5afca220372af9ac6486aee0ab2b52f98a44dfa75fe94d816b"
